<?xml version="1.0" encoding="utf-8"?>
<Project ToolsVersion="4.0" xmlns="http://schemas.microsoft.com/developer/msbuild/2003">
  <ItemGroup>
    <Filter Include="Source Files">
      <UniqueIdentifier>{4FC737F1-C7A5-4376-A066-2A32D752A2FF}</UniqueIdentifier>
      <Extensions>cpp;c;cc;cxx;def;odl;idl;hpj;bat;asm;asmx</Extensions>
    </Filter>
    <Filter Include="Header Files">
      <UniqueIdentifier>{93995380-89BD-4b04-88EB-625FBE52EBFB}</UniqueIdentifier>
      <Extensions>h;hh;hpp;hxx;hm;inl;inc;ipp;xsd</Extensions>
    </Filter>
    <Filter Include="Resource Files">
      <UniqueIdentifier>{67DA6AB6-F800-4c08-8B7A-83BB121AAD01}</UniqueIdentifier>
      <Extensions>rc;ico;cur;bmp;dlg;rc2;rct;bin;rgs;gif;jpg;jpeg;jpe;resx;tiff;tif;png;wav;mfcribbon-ms</Extensions>
    </Filter>
  </ItemGroup>
  <ItemGroup>
    <ClCompile Include="million.cpp">
      <Filter>Source Files</Filter>
    </ClCompile>
    <ClCompile Include="source engine\math\vector3d.cpp">
      <Filter>Source Files</Filter>
    </ClCompile>
    <ClCompile Include="engine\utilities\engine.cpp">
      <Filter>Source Files</Filter>
    </ClCompile>
    <ClCompile Include="engine\netvars\netvars.cpp">
      <Filter>Source Files</Filter>
    </ClCompile>
    <ClCompile Include="cheat\hooks\hooks.cpp">
      <Filter>Source Files</Filter>
    </ClCompile>
    <ClCompile Include="cheat\renderer\renderer.cpp">
      <Filter>Source Files</Filter>
    </ClCompile>
    <ClCompile Include="cheat\input\input.cpp">
      <Filter>Source Files</Filter>
    </ClCompile>
    <ClCompile Include="engine\utilities\memory.cpp">
      <Filter>Source Files</Filter>
    </ClCompile>
    <ClCompile Include="cheat\hooks\functions\frame_stage_notify.cpp">
      <Filter>Source Files</Filter>
    </ClCompile>
    <ClCompile Include="cheat\hooks\functions\paint_traverse.cpp">
      <Filter>Source Files</Filter>
    </ClCompile>
    <ClCompile Include="cheat\hooks\functions\create_move.cpp">
      <Filter>Source Files</Filter>
    </ClCompile>
    <ClCompile Include="cheat\features\pred.cpp">
      <Filter>Source Files</Filter>
    </ClCompile>
    <ClCompile Include="cheat\hooks\functions\lock_cursor.cpp">
      <Filter>Source Files</Filter>
    </ClCompile>
    <ClCompile Include="cheat\hooks\functions\emit_sound.cpp">
      <Filter>Source Files</Filter>
    </ClCompile>
    <ClCompile Include="cheat\features\visuals.cpp">
      <Filter>Source Files</Filter>
    </ClCompile>
    <ClCompile Include="engine\utilities\config.cpp">
      <Filter>Source Files</Filter>
    </ClCompile>
    <ClCompile Include="cheat\features\bt.cpp">
      <Filter>Source Files</Filter>
    </ClCompile>
    <ClCompile Include="cheat\features\movement.cpp">
      <Filter>Source Files</Filter>
    </ClCompile>
    <ClCompile Include="cheat\hooks\functions\send_net_msg.cpp">
      <Filter>Source Files</Filter>
    </ClCompile>
    <ClCompile Include="cheat\features\misc.cpp">
      <Filter>Source Files</Filter>
    </ClCompile>
    <ClCompile Include="cheat\hooks\functions\draw_model_execute.cpp">
      <Filter>Source Files</Filter>
    </ClCompile>
    <ClCompile Include="engine\interfaces\model_render.hpp">
      <Filter>Source Files</Filter>
    </ClCompile>
    <ClCompile Include="cheat\features\jump_stats.cpp">
      <Filter>Source Files</Filter>
    </ClCompile>
    <ClCompile Include="cheat\features\fake_backwards.cpp">
      <Filter>Source Files</Filter>
    </ClCompile>
    <ClCompile Include="cheat\features\events.cpp">
      <Filter>Source Files</Filter>
    </ClCompile>
    <ClCompile Include="cheat\features\hitmarkers.cpp">
      <Filter>Source Files</Filter>
    </ClCompile>
    <ClCompile Include="cheat\features\skins.cpp">
      <Filter>Source Files</Filter>
    </ClCompile>
    <ClCompile Include="cheat\hooks\functions\dispatch_user_message.cpp">
      <Filter>Source Files</Filter>
    </ClCompile>
    <ClCompile Include="tcp\client.cpp">
      <Filter>Source Files</Filter>
    </ClCompile>
    <ClCompile Include="tcp\tcp.cpp">
      <Filter>Source Files</Filter>
    </ClCompile>
    <ClCompile Include="cheat\hooks\functions\client_cmd.cpp">
      <Filter>Source Files</Filter>
    </ClCompile>
    <ClCompile Include="protection\protection.cpp">
      <Filter>Source Files</Filter>
    </ClCompile>
    <ClCompile Include="cheat\features\aimbot.cpp">
      <Filter>Source Files</Filter>
    </ClCompile>
    <ClCompile Include="cheat\hooks\functions\on_screen_size_change.cpp">
      <Filter>Source Files</Filter>
    </ClCompile>
    <ClCompile Include="cheat\features\triggerbot.cpp">
      <Filter>Source Files</Filter>
    </ClCompile>
    <ClCompile Include="cheat\features\vel_graph.cpp">
      <Filter>Source Files</Filter>
    </ClCompile>
    <ClCompile Include="nav\micropather.cpp">
      <Filter>Source Files</Filter>
    </ClCompile>
    <ClCompile Include="nav\nav_area.cpp">
      <Filter>Source Files</Filter>
    </ClCompile>
    <ClCompile Include="nav\nav_buffer.cpp">
      <Filter>Source Files</Filter>
    </ClCompile>
    <ClCompile Include="nav\nav_file.cpp">
      <Filter>Source Files</Filter>
    </ClCompile>
    <ClCompile Include="nav\nav_hiding_spot.cpp">
      <Filter>Source Files</Filter>
    </ClCompile>
    <ClCompile Include="cheat\features\walkbot.cpp">
      <Filter>Source Files</Filter>
    </ClCompile>
    <ClCompile Include="cheat\hooks\functions\get_color_modulation.cpp">
      <Filter>Source Files</Filter>
    </ClCompile>
    <ClCompile Include="cheat\hooks\functions\is_using_static_prop_debug_modes.cpp">
      <Filter>Source Files</Filter>
    </ClCompile>
    <ClCompile Include="cheat\features\nade_prediction.cpp">
      <Filter>Source Files</Filter>
    </ClCompile>
    <ClCompile Include="cheat\gui\interface.cpp">
      <Filter>Source Files</Filter>
    </ClCompile>
  </ItemGroup>
  <ItemGroup>
    <ClInclude Include="source engine\classes\c_usercmd.hpp">
      <Filter>Header Files</Filter>
    </ClInclude>
    <ClInclude Include="source engine\classes\client_class.hpp">
      <Filter>Header Files</Filter>
    </ClInclude>
    <ClInclude Include="source engine\classes\collideable.hpp">
      <Filter>Header Files</Filter>
    </ClInclude>
    <ClInclude Include="source engine\classes\convar.hpp">
      <Filter>Header Files</Filter>
    </ClInclude>
    <ClInclude Include="source engine\classes\entities.hpp">
      <Filter>Header Files</Filter>
    </ClInclude>
    <ClInclude Include="source engine\classes\gameevent.hpp">
      <Filter>Header Files</Filter>
    </ClInclude>
    <ClInclude Include="source engine\classes\recv_props.hpp">
      <Filter>Header Files</Filter>
    </ClInclude>
    <ClInclude Include="source engine\classes\studio.hpp">
      <Filter>Header Files</Filter>
    </ClInclude>
    <ClInclude Include="source engine\math\vector2d.hpp">
      <Filter>Header Files</Filter>
    </ClInclude>
    <ClInclude Include="source engine\math\vector3d.hpp">
      <Filter>Header Files</Filter>
    </ClInclude>
    <ClInclude Include="source engine\structs\dlight.hpp">
      <Filter>Header Files</Filter>
    </ClInclude>
    <ClInclude Include="source engine\structs\materials.hpp">
      <Filter>Header Files</Filter>
    </ClInclude>
    <ClInclude Include="source engine\structs\models.hpp">
      <Filter>Header Files</Filter>
    </ClInclude>
    <ClInclude Include="source engine\structs\vertex_t.hpp">
      <Filter>Header Files</Filter>
    </ClInclude>
    <ClInclude Include="source engine\structs\weaponinfo.hpp">
      <Filter>Header Files</Filter>
    </ClInclude>
    <ClInclude Include="source engine\sdk.hpp">
      <Filter>Header Files</Filter>
    </ClInclude>
    <ClInclude Include="engine\utilities\engine.hpp">
      <Filter>Header Files</Filter>
    </ClInclude>
    <ClInclude Include="engine\interfaces\client.hpp">
      <Filter>Header Files</Filter>
    </ClInclude>
    <ClInclude Include="engine\interfaces\interfaces.hpp">
      <Filter>Header Files</Filter>
    </ClInclude>
    <ClInclude Include="cheat\cheat.hpp">
      <Filter>Header Files</Filter>
    </ClInclude>
    <ClInclude Include="engine\utilities\fnv.hpp">
      <Filter>Header Files</Filter>
    </ClInclude>
    <ClInclude Include="engine\netvars\netvars.hpp">
      <Filter>Header Files</Filter>
    </ClInclude>
    <ClInclude Include="cheat\hooks\hooks.hpp">
      <Filter>Header Files</Filter>
    </ClInclude>
    <ClInclude Include="engine\interfaces\panel.hpp">
      <Filter>Header Files</Filter>
    </ClInclude>
    <ClInclude Include="engine\interfaces\surface.hpp">
      <Filter>Header Files</Filter>
    </ClInclude>
    <ClInclude Include="cheat\renderer\renderer.hpp">
      <Filter>Header Files</Filter>
    </ClInclude>
    <ClInclude Include="cheat\renderer\textures.hpp">
      <Filter>Header Files</Filter>
    </ClInclude>
    <ClInclude Include="source engine\math\point.hpp">
      <Filter>Header Files</Filter>
    </ClInclude>
    <ClInclude Include="cheat\input\input.hpp">
      <Filter>Header Files</Filter>
    </ClInclude>
    <ClInclude Include="source engine\misc\frame_stages.hpp">
      <Filter>Header Files</Filter>
    </ClInclude>
    <ClInclude Include="cheat\gui\gui.hpp">
      <Filter>Header Files</Filter>
    </ClInclude>
    <ClInclude Include="engine\interfaces\entity_list.hpp">
      <Filter>Header Files</Filter>
    </ClInclude>
    <ClInclude Include="engine\utilities\memory.hpp">
      <Filter>Header Files</Filter>
    </ClInclude>
    <ClInclude Include="source engine\classes\prediction.hpp">
      <Filter>Header Files</Filter>
    </ClInclude>
    <ClInclude Include="cheat\features\pred.hpp">
      <Filter>Header Files</Filter>
    </ClInclude>
    <ClInclude Include="engine\interfaces\globals.hpp">
      <Filter>Header Files</Filter>
    </ClInclude>
    <ClInclude Include="engine\interfaces\engine.hpp">
      <Filter>Header Files</Filter>
    </ClInclude>
    <ClInclude Include="cheat\features\visuals.hpp">
      <Filter>Header Files</Filter>
    </ClInclude>
    <ClInclude Include="engine\interfaces\debug_overlay.hpp">
      <Filter>Header Files</Filter>
    </ClInclude>
    <ClInclude Include="engine\interfaces\weapon_system.hpp">
      <Filter>Header Files</Filter>
    </ClInclude>
    <ClInclude Include="engine\interfaces\i_localize.hpp">
      <Filter>Header Files</Filter>
    </ClInclude>
    <ClInclude Include="source engine\classes\anim_layers.hpp">
      <Filter>Header Files</Filter>
    </ClInclude>
    <ClInclude Include="engine\interfaces\model_info_client.hpp">
      <Filter>Header Files</Filter>
    </ClInclude>
    <ClInclude Include="engine\utilities\config.hpp">
      <Filter>Header Files</Filter>
    </ClInclude>
    <ClInclude Include="engine\utilities\crypto.hpp">
      <Filter>Header Files</Filter>
    </ClInclude>
    <ClInclude Include="engine\utilities\math.hpp">
      <Filter>Header Files</Filter>
    </ClInclude>
    <ClInclude Include="cheat\features\bt.hpp">
      <Filter>Header Files</Filter>
    </ClInclude>
    <ClInclude Include="cheat\features\movement.hpp">
      <Filter>Header Files</Filter>
    </ClInclude>
    <ClInclude Include="engine\interfaces\client_state.hpp">
      <Filter>Header Files</Filter>
    </ClInclude>
    <ClInclude Include="source engine\classes\net_message.hpp">
      <Filter>Header Files</Filter>
    </ClInclude>
    <ClInclude Include="engine\utilities\xorstring.hpp">
      <Filter>Header Files</Filter>
    </ClInclude>
    <ClInclude Include="cheat\features\knife.hpp">
      <Filter>Header Files</Filter>
    </ClInclude>
    <ClInclude Include="engine\interfaces\material_system.hpp">
      <Filter>Header Files</Filter>
    </ClInclude>
    <ClInclude Include="cheat\features\jump_stats.hpp">
      <Filter>Header Files</Filter>
    </ClInclude>
    <ClInclude Include="engine\interfaces\hud_chat.hpp">
      <Filter>Header Files</Filter>
    </ClInclude>
    <ClInclude Include="cheat\features\misc.hpp">
      <Filter>Header Files</Filter>
    </ClInclude>
    <ClInclude Include="cheat\features\fake_backwards.hpp">
      <Filter>Header Files</Filter>
    </ClInclude>
    <ClInclude Include="cheat\features\events.hpp">
      <Filter>Header Files</Filter>
    </ClInclude>
    <ClInclude Include="cheat\features\hitmarkers.hpp">
      <Filter>Header Files</Filter>
    </ClInclude>
    <ClInclude Include="cheat\features\skins.hpp">
      <Filter>Header Files</Filter>
    </ClInclude>
    <ClInclude Include="engine\interfaces\glow_object_manager.hpp">
      <Filter>Header Files</Filter>
    </ClInclude>
    <ClInclude Include="engine\interfaces\i_console.hpp">
      <Filter>Header Files</Filter>
    </ClInclude>
    <ClInclude Include="global_ctx.hpp">
      <Filter>Header Files</Filter>
    </ClInclude>
    <ClInclude Include="tcp\client.hpp">
      <Filter>Header Files</Filter>
    </ClInclude>
    <ClInclude Include="tcp\packets.hpp">
      <Filter>Header Files</Filter>
    </ClInclude>
    <ClInclude Include="tcp\tcp.hpp">
      <Filter>Header Files</Filter>
    </ClInclude>
    <ClInclude Include="protection\protection.hpp">
      <Filter>Header Files</Filter>
    </ClInclude>
    <ClInclude Include="cheat\features\aimbot.hpp">
      <Filter>Header Files</Filter>
    </ClInclude>
    <ClInclude Include="source engine\classes\key_values.hpp">
      <Filter>Header Files</Filter>
    </ClInclude>
    <ClInclude Include="cheat\hooks\holy_hook.hpp">
      <Filter>Header Files</Filter>
    </ClInclude>
    <ClInclude Include="engine\interfaces\engine_trace.hpp">
      <Filter>Header Files</Filter>
    </ClInclude>
    <ClInclude Include="cheat\features\triggerbot.hpp">
      <Filter>Header Files</Filter>
    </ClInclude>
    <ClInclude Include="cheat\features\vel_graph.hpp">
      <Filter>Header Files</Filter>
    </ClInclude>
    <ClInclude Include="nav\micropather.h">
      <Filter>Header Files</Filter>
    </ClInclude>
    <ClInclude Include="nav\nav_area.h">
      <Filter>Header Files</Filter>
    </ClInclude>
    <ClInclude Include="nav\nav_buffer.h">
      <Filter>Header Files</Filter>
    </ClInclude>
    <ClInclude Include="nav\nav_file.h">
      <Filter>Header Files</Filter>
    </ClInclude>
    <ClInclude Include="nav\nav_hiding_spot.h">
      <Filter>Header Files</Filter>
    </ClInclude>
    <ClInclude Include="nav\nav_structs.h">
      <Filter>Header Files</Filter>
    </ClInclude>
    <ClInclude Include="cheat\features\walkbot.hpp">
      <Filter>Header Files</Filter>
    </ClInclude>
    <ClInclude Include="cheat\features\nade_prediction.hpp">
      <Filter>Header Files</Filter>
    </ClInclude>
  </ItemGroup>
</Project>